<?xml version="1.0" encoding="utf-8"?>
<Project ToolsVersion="4.0" xmlns="http://schemas.microsoft.com/developer/msbuild/2003">
  <ItemGroup>
    <Filter Include="Source Files">
      <UniqueIdentifier>{4FC737F1-C7A5-4376-A066-2A32D752A2FF}</UniqueIdentifier>
      <Extensions>cpp;c;cc;cxx;def;odl;idl;hpj;bat;asm;asmx</Extensions>
    </Filter>
    <Filter Include="Resource Files">
      <UniqueIdentifier>{67DA6AB6-F800-4c08-8B7A-83BB121AAD01}</UniqueIdentifier>
      <Extensions>rc;ico;cur;bmp;dlg;rc2;rct;bin;rgs;gif;jpg;jpeg;jpe;resx;tiff;tif;png;wav;mfcribbon-ms</Extensions>
    </Filter>
  </ItemGroup>
  <ItemGroup>
    <Text Include="ReadMe.txt" />
  </ItemGroup>
  <ItemGroup>
    <ClCompile Include="dprintf.cpp">
      <Filter>Source Files</Filter>
    </ClCompile>
    <ClCompile Include="InterfacesIntoOpenVR.cpp">
      <Filter>Source Files</Filter>
    </ClCompile>
    <ClCompile Include="openvr_cppstub.cpp">
      <Filter>Source Files</Filter>
    </ClCompile>
    <ClCompile Include="openvr_delta_cfgtables.cpp">
      <Filter>Source Files</Filter>
    </ClCompile>
    <ClCompile Include="slaballocator.cpp">
      <Filter>Source Files</Filter>
    </ClCompile>
    <ClCompile Include="Timer.cpp">
      <Filter>Source Files</Filter>
    </ClCompile>
    <ClCompile Include="types_redesign.cpp">
      <Filter>Source Files</Filter>
    </ClCompile>
    <ClCompile Include="utils.cpp">
      <Filter>Source Files</Filter>
    </ClCompile>
    <ClCompile Include="..\..\..\vrstrings\src\openvr_string_gen_enums.cpp">
      <Filter>Source Files</Filter>
    </ClCompile>
    <ClCompile Include="..\..\..\vrstrings\src\openvr_string_passthru_enums.cpp">
      <Filter>Source Files</Filter>
    </ClCompile>
    <ClCompile Include="..\..\..\vrstrings\src\openvr_string_structs.cpp">
      <Filter>Source Files</Filter>
    </ClCompile>
    <ClCompile Include="..\externals\gl3w\src\gl3w.c">
      <Filter>Source Files</Filter>
    </ClCompile>
    <ClCompile Include="..\externals\imgui\imgui.cpp">
      <Filter>Source Files</Filter>
    </ClCompile>
    <ClCompile Include="..\externals\imgui\imgui_demo.cpp">
      <Filter>Source Files</Filter>
    </ClCompile>
    <ClCompile Include="..\externals\imgui\imgui_draw.cpp">
      <Filter>Source Files</Filter>
    </ClCompile>
    <ClCompile Include="..\externals\imgui\imgui_impl_sdl_gl3.cpp">
      <Filter>Source Files</Filter>
    </ClCompile>
    <ClCompile Include="openvr_indexers.cpp">
      <Filter>Source Files</Filter>
    </ClCompile>
    <ClCompile Include="..\externals\tinyfile\tinyfiledialogs.c">
      <Filter>Source Files</Filter>
    </ClCompile>
  </ItemGroup>
  <ItemGroup>
    <ClInclude Include="dprintf.h">
      <Filter>Source Files</Filter>
    </ClInclude>
    <ClInclude Include="InterfacesIntoOpenVR.h">
      <Filter>Source Files</Filter>
    </ClInclude>
    <ClInclude Include="openvr_cppstub.h">
      <Filter>Source Files</Filter>
    </ClInclude>
    <ClInclude Include="openvr_method_ids.h">
      <Filter>Source Files</Filter>
    </ClInclude>
    <ClInclude Include="openvr_operators.h">
      <Filter>Source Files</Filter>
    </ClInclude>
    <ClInclude Include="openvr_serialization.h">
      <Filter>Source Files</Filter>
    </ClInclude>
    <ClInclude Include="openvr_softcompare.h">
      <Filter>Source Files</Filter>
    </ClInclude>
    <ClInclude Include="slaballocator.h">
      <Filter>Source Files</Filter>
    </ClInclude>
    <ClInclude Include="Timer.h">
      <Filter>Source Files</Filter>
    </ClInclude>
    <ClInclude Include="utils.h">
      <Filter>Source Files</Filter>
    </ClInclude>
    <ClInclude Include="vrdelta.h">
      <Filter>Source Files</Filter>
    </ClInclude>
    <ClInclude Include="openvr_indexers.h">
      <Filter>Source Files</Filter>
    </ClInclude>
    <ClInclude Include="openvr_hash.h">
      <Filter>Source Files</Filter>
    </ClInclude>
    <ClInclude Include="..\externals\tinyfile\tinyfiledialogs.h" />
    <ClInclude Include="vrdelta_trackerif.h">
      <Filter>Source Files</Filter>
    </ClInclude>
    <ClInclude Include="..\..\..\rangesplay\openvr_broker.h">
      <Filter>Source Files</Filter>
    </ClInclude>
  </ItemGroup>
</Project>